
Microsoft Visual Studio Solution File, Format Version 12.00
# Visual Studio Version 16
VisualStudioVersion = 16.0.30717.126
MinimumVisualStudioVersion = 10.0.40219.1
Project("{FAE04EC0-301F-11D3-BF4B-00C04F79EFBC}") = "blackstore-firebase", "blackstore-firebase\blackstore-firebase.csproj", "{C65024B1-20B6-49B5-BEB0-AEA77AD840A3}"
EndProject
Global
	GlobalSection(SolutionConfigurationPlatforms) = preSolution
		Debug|Any CPU = Debug|Any CPU
		Release|Any CPU = Release|Any CPU
	EndGlobalSection
	GlobalSection(ProjectConfigurationPlatforms) = postSolution
		{C65024B1-20B6-49B5-BEB0-AEA77AD840A3}.Debug|Any CPU.ActiveCfg = Debug|Any CPU
		{C65024B1-20B6-49B5-BEB0-AEA77AD840A3}.Debug|Any CPU.Build.0 = Debug|Any CPU
		{C65024B1-20B6-49B5-BEB0-AEA77AD840A3}.Release|Any CPU.ActiveCfg = Release|Any CPU
		{C65024B1-20B6-49B5-BEB0-AEA77AD840A3}.Release|Any CPU.Build.0 = Release|Any CPU
	EndGlobalSection
	GlobalSection(SolutionProperties) = preSolution
		HideSolutionNode = FALSE
	EndGlobalSection
	GlobalSection(ExtensibilityGlobals) = postSolution
		SolutionGuid = {7C429CF5-5E83-44DC-9340-0CEBF2C2A331}
	EndGlobalSection
EndGlobal
